
Microsoft Visual Studio Solution File, Format Version 12.00
# Visual Studio Version 17
VisualStudioVersion = 17.3.32929.385
MinimumVisualStudioVersion = 10.0.40219.1
Project("{FAE04EC0-301F-11D3-BF4B-00C04F79EFBC}") = "PokemonReviewAppAPI", "PokemonReviewAppAPI\PokemonReviewAppAPI.csproj", "{F1B7517F-C2A5-431A-9471-A2EBF6F6DA76}"
EndProject
Global
	GlobalSection(SolutionConfigurationPlatforms) = preSolution
		Debug|Any CPU = Debug|Any CPU
		Release|Any CPU = Release|Any CPU
	EndGlobalSection
	GlobalSection(ProjectConfigurationPlatforms) = postSolution
		{F1B7517F-C2A5-431A-9471-A2EBF6F6DA76}.Debug|Any CPU.ActiveCfg = Debug|Any CPU
		{F1B7517F-C2A5-431A-9471-A2EBF6F6DA76}.Debug|Any CPU.Build.0 = Debug|Any CPU
		{F1B7517F-C2A5-431A-9471-A2EBF6F6DA76}.Release|Any CPU.ActiveCfg = Release|Any CPU
		{F1B7517F-C2A5-431A-9471-A2EBF6F6DA76}.Release|Any CPU.Build.0 = Release|Any CPU
	EndGlobalSection
	GlobalSection(SolutionProperties) = preSolution
		HideSolutionNode = FALSE
	EndGlobalSection
	GlobalSection(ExtensibilityGlobals) = postSolution
		SolutionGuid = {BC40F896-E13A-420C-8990-AE3BFC69A892}
	EndGlobalSection
EndGlobal
